
Microsoft Visual Studio Solution File, Format Version 12.00
# Visual Studio Version 17
VisualStudioVersion = 17.9.34616.47
MinimumVisualStudioVersion = 10.0.40219.1
Project("{8BC9CEB8-8B4A-11D0-8D11-00A0C91BC942}") = "pointerSatu", "pointerSatu.vcxproj", "{57A8E0F2-1E7D-45DF-ABF2-6A6BC98036D1}"
EndProject
Project("{8BC9CEB8-8B4A-11D0-8D11-00A0C91BC942}") = "pointerDua", "..\pointerDua\pointerDua.vcxproj", "{82C82376-EF16-46C0-8F99-93E944B3A92E}"
EndProject
Project("{8BC9CEB8-8B4A-11D0-8D11-00A0C91BC942}") = "friendclassSatu", "..\friendclassSatu\friendclassSatu.vcxproj", "{2BC041BA-85ED-4D54-BB91-549A5678F7D8}"
EndProject
Project("{8BC9CEB8-8B4A-11D0-8D11-00A0C91BC942}") = "friendclassDua", "..\friendclassDua\friendclassDua.vcxproj", "{CD59C93F-5483-4810-9D66-766957CA8AC2}"
EndProject
Global
	GlobalSection(SolutionConfigurationPlatforms) = preSolution
		Debug|x64 = Debug|x64
		Debug|x86 = Debug|x86
		Release|x64 = Release|x64
		Release|x86 = Release|x86
	EndGlobalSection
	GlobalSection(ProjectConfigurationPlatforms) = postSolution
		{57A8E0F2-1E7D-45DF-ABF2-6A6BC98036D1}.Debug|x64.ActiveCfg = Debug|x64
		{57A8E0F2-1E7D-45DF-ABF2-6A6BC98036D1}.Debug|x64.Build.0 = Debug|x64
		{57A8E0F2-1E7D-45DF-ABF2-6A6BC98036D1}.Debug|x86.ActiveCfg = Debug|Win32
		{57A8E0F2-1E7D-45DF-ABF2-6A6BC98036D1}.Debug|x86.Build.0 = Debug|Win32
		{57A8E0F2-1E7D-45DF-ABF2-6A6BC98036D1}.Release|x64.ActiveCfg = Release|x64
		{57A8E0F2-1E7D-45DF-ABF2-6A6BC98036D1}.Release|x64.Build.0 = Release|x64
		{57A8E0F2-1E7D-45DF-ABF2-6A6BC98036D1}.Release|x86.ActiveCfg = Release|Win32
		{57A8E0F2-1E7D-45DF-ABF2-6A6BC98036D1}.Release|x86.Build.0 = Release|Win32
		{82C82376-EF16-46C0-8F99-93E944B3A92E}.Debug|x64.ActiveCfg = Debug|x64
		{82C82376-EF16-46C0-8F99-93E944B3A92E}.Debug|x64.Build.0 = Debug|x64
		{82C82376-EF16-46C0-8F99-93E944B3A92E}.Debug|x86.ActiveCfg = Debug|Win32
		{82C82376-EF16-46C0-8F99-93E944B3A92E}.Debug|x86.Build.0 = Debug|Win32
		{82C82376-EF16-46C0-8F99-93E944B3A92E}.Release|x64.ActiveCfg = Release|x64
		{82C82376-EF16-46C0-8F99-93E944B3A92E}.Release|x64.Build.0 = Release|x64
		{82C82376-EF16-46C0-8F99-93E944B3A92E}.Release|x86.ActiveCfg = Release|Win32
		{82C82376-EF16-46C0-8F99-93E944B3A92E}.Release|x86.Build.0 = Release|Win32
		{2BC041BA-85ED-4D54-BB91-549A5678F7D8}.Debug|x64.ActiveCfg = Debug|x64
		{2BC041BA-85ED-4D54-BB91-549A5678F7D8}.Debug|x64.Build.0 = Debug|x64
		{2BC041BA-85ED-4D54-BB91-549A5678F7D8}.Debug|x86.ActiveCfg = Debug|Win32
		{2BC041BA-85ED-4D54-BB91-549A5678F7D8}.Debug|x86.Build.0 = Debug|Win32
		{2BC041BA-85ED-4D54-BB91-549A5678F7D8}.Release|x64.ActiveCfg = Release|x64
		{2BC041BA-85ED-4D54-BB91-549A5678F7D8}.Release|x64.Build.0 = Release|x64
		{2BC041BA-85ED-4D54-BB91-549A5678F7D8}.Release|x86.ActiveCfg = Release|Win32
		{2BC041BA-85ED-4D54-BB91-549A5678F7D8}.Release|x86.Build.0 = Release|Win32
		{CD59C93F-5483-4810-9D66-766957CA8AC2}.Debug|x64.ActiveCfg = Debug|x64
		{CD59C93F-5483-4810-9D66-766957CA8AC2}.Debug|x64.Build.0 = Debug|x64
		{CD59C93F-5483-4810-9D66-766957CA8AC2}.Debug|x86.ActiveCfg = Debug|Win32
		{CD59C93F-5483-4810-9D66-766957CA8AC2}.Debug|x86.Build.0 = Debug|Win32
		{CD59C93F-5483-4810-9D66-766957CA8AC2}.Release|x64.ActiveCfg = Release|x64
		{CD59C93F-5483-4810-9D66-766957CA8AC2}.Release|x64.Build.0 = Release|x64
		{CD59C93F-5483-4810-9D66-766957CA8AC2}.Release|x86.ActiveCfg = Release|Win32
		{CD59C93F-5483-4810-9D66-766957CA8AC2}.Release|x86.Build.0 = Release|Win32
	EndGlobalSection
	GlobalSection(SolutionProperties) = preSolution
		HideSolutionNode = FALSE
	EndGlobalSection
	GlobalSection(ExtensibilityGlobals) = postSolution
		SolutionGuid = {F76D6B99-3167-43B7-AAB5-F7D956AF9E10}
	EndGlobalSection
EndGlobal
